
Microsoft Visual Studio Solution File, Format Version 12.00
# Visual Studio Version 17
VisualStudioVersion = 17.14.36327.8
MinimumVisualStudioVersion = 10.0.40219.1
Project("{FAE04EC0-301F-11D3-BF4B-00C04F79EFBC}") = "TodoApi", "src\TodoApi\TodoApi.csproj", "{4C06F1F4-B500-977C-B2BD-49EF9C931335}"
EndProject
Project("{FAE04EC0-301F-11D3-BF4B-00C04F79EFBC}") = "TodoApi.Tests.Unit", "tests\TodoApi.Tests.Unit\TodoApi.Tests.Unit.csproj", "{DD938CDF-FC50-4507-9639-45354AB44B17}"
EndProject
Project("{FAE04EC0-301F-11D3-BF4B-00C04F79EFBC}") = "TodoApi.Tests.Integration", "tests\TodoApi.Tests.Integration\TodoApi.Tests.Integration.csproj", "{C29D75CE-62C6-4691-BD69-CF359683E473}"
EndProject
Global
	GlobalSection(SolutionConfigurationPlatforms) = preSolution
		Debug|Any CPU = Debug|Any CPU
		Release|Any CPU = Release|Any CPU
	EndGlobalSection
	GlobalSection(ProjectConfigurationPlatforms) = postSolution
		{4C06F1F4-B500-977C-B2BD-49EF9C931335}.Debug|Any CPU.ActiveCfg = Debug|Any CPU
		{4C06F1F4-B500-977C-B2BD-49EF9C931335}.Debug|Any CPU.Build.0 = Debug|Any CPU
		{4C06F1F4-B500-977C-B2BD-49EF9C931335}.Release|Any CPU.ActiveCfg = Release|Any CPU
		{4C06F1F4-B500-977C-B2BD-49EF9C931335}.Release|Any CPU.Build.0 = Release|Any CPU
		{DD938CDF-FC50-4507-9639-45354AB44B17}.Debug|Any CPU.ActiveCfg = Debug|Any CPU
		{DD938CDF-FC50-4507-9639-45354AB44B17}.Debug|Any CPU.Build.0 = Debug|Any CPU
		{DD938CDF-FC50-4507-9639-45354AB44B17}.Release|Any CPU.ActiveCfg = Release|Any CPU
		{DD938CDF-FC50-4507-9639-45354AB44B17}.Release|Any CPU.Build.0 = Release|Any CPU
		{C29D75CE-62C6-4691-BD69-CF359683E473}.Debug|Any CPU.ActiveCfg = Debug|Any CPU
		{C29D75CE-62C6-4691-BD69-CF359683E473}.Debug|Any CPU.Build.0 = Debug|Any CPU
		{C29D75CE-62C6-4691-BD69-CF359683E473}.Release|Any CPU.ActiveCfg = Release|Any CPU
		{C29D75CE-62C6-4691-BD69-CF359683E473}.Release|Any CPU.Build.0 = Release|Any CPU
	EndGlobalSection
	GlobalSection(SolutionProperties) = preSolution
		HideSolutionNode = FALSE
	EndGlobalSection
	GlobalSection(ExtensibilityGlobals) = postSolution
		SolutionGuid = {33C5F22D-600D-432F-8E95-E93AF9DDA0A9}
	EndGlobalSection
EndGlobal
